// !$*UTF8*$!
{
	archiveVersion = 1;
	classes = {
	};
	objectVersion = 50;
	objects = {

/* Begin PBXBuildFile section */
		4846E85B20C7BE0C00952EF0 /* glad.c in Sources */ = {isa = PBXBuildFile; fileRef = 4846E85A20C7BE0C00952EF0 /* glad.c */; };
		488500B120C7B7CD00584765 /* OpenGL.framework in Frameworks */ = {isa = PBXBuildFile; fileRef = 488500B020C7B7CD00584765 /* OpenGL.framework */; };
		488500B420C7B84700584765 /* libglfw.3.2.dylib in Frameworks */ = {isa = PBXBuildFile; fileRef = 488500B220C7B84700584765 /* libglfw.3.2.dylib */; };
		488500B520C7B84700584765 /* libGLEW.2.1.0.dylib in Frameworks */ = {isa = PBXBuildFile; fileRef = 488500B320C7B84700584765 /* libGLEW.2.1.0.dylib */; };
		48BE958820C7AFFA001F2BD9 /* main.cpp in Sources */ = {isa = PBXBuildFile; fileRef = 48BE958720C7AFFA001F2BD9 /* main.cpp */; };
/* End PBXBuildFile section */

/* Begin PBXCopyFilesBuildPhase section */
		48BE958220C7AFFA001F2BD9 /* CopyFiles */ = {
			isa = PBXCopyFilesBuildPhase;
			buildActionMask = 2147483647;
			dstPath = /usr/share/man/man1/;
			dstSubfolderSpec = 0;
			files = (
			);
			runOnlyForDeploymentPostprocessing = 1;
		};
/* End PBXCopyFilesBuildPhase section */

/* Begin PBXFileReference section */
		4846E85620C7BD2200952EF0 /* shader.v */ = {isa = PBXFileReference; lastKnownFileType = text; path = shader.v; sourceTree = "<group>"; };
		4846E85720C7BD4C00952EF0 /* shader.f */ = {isa = PBXFileReference; lastKnownFileType = sourcecode.fortran; path = shader.f; sourceTree = "<group>"; };
		4846E85A20C7BE0C00952EF0 /* glad.c */ = {isa = PBXFileReference; lastKnownFileType = sourcecode.c.c; path = glad.c; sourceTree = "<group>"; };
		488500B020C7B7CD00584765 /* OpenGL.framework */ = {isa = PBXFileReference; lastKnownFileType = wrapper.framework; name = OpenGL.framework; path = System/Library/Frameworks/OpenGL.framework; sourceTree = SDKROOT; };
		488500B220C7B84700584765 /* libglfw.3.2.dylib */ = {isa = PBXFileReference; lastKnownFileType = "compiled.mach-o.dylib"; name = libglfw.3.2.dylib; path = ../../../../../../usr/local/Cellar/glfw/3.2.1/lib/libglfw.3.2.dylib; sourceTree = "<group>"; };
		488500B320C7B84700584765 /* libGLEW.2.1.0.dylib */ = {isa = PBXFileReference; lastKnownFileType = "compiled.mach-o.dylib"; name = libGLEW.2.1.0.dylib; path = ../../../../../../usr/local/Cellar/glew/2.1.0/lib/libGLEW.2.1.0.dylib; sourceTree = "<group>"; };
		48BE958420C7AFFA001F2BD9 /* EX2 */ = {isa = PBXFileReference; explicitFileType = "compiled.mach-o.executable"; includeInIndex = 0; path = EX2; sourceTree = BUILT_PRODUCTS_DIR; };
		48BE958720C7AFFA001F2BD9 /* main.cpp */ = {isa = PBXFileReference; lastKnownFileType = sourcecode.cpp.cpp; path = main.cpp; sourceTree = "<group>"; };
/* End PBXFileReference section */

/* Begin PBXFrameworksBuildPhase section */
		48BE958120C7AFFA001F2BD9 /* Frameworks */ = {
			isa = PBXFrameworksBuildPhase;
			buildActionMask = 2147483647;
			files = (
				488500B420C7B84700584765 /* libglfw.3.2.dylib in Frameworks */,
				488500B520C7B84700584765 /* libGLEW.2.1.0.dylib in Frameworks */,
				488500B120C7B7CD00584765 /* OpenGL.framework in Frameworks */,
			);
			runOnlyForDeploymentPostprocessing = 0;
		};
/* End PBXFrameworksBuildPhase section */

/* Begin PBXGroup section */
		488500AF20C7B7CD00584765 /* Frameworks */ = {
			isa = PBXGroup;
			children = (
				488500B320C7B84700584765 /* libGLEW.2.1.0.dylib */,
				488500B220C7B84700584765 /* libglfw.3.2.dylib */,
				488500B020C7B7CD00584765 /* OpenGL.framework */,
			);
			name = Frameworks;
			sourceTree = "<group>";
		};
		48BE957B20C7AFFA001F2BD9 = {
			isa = PBXGroup;
			children = (
				48BE958620C7AFFA001F2BD9 /* EX2 */,
				48BE958520C7AFFA001F2BD9 /* Products */,
				488500AF20C7B7CD00584765 /* Frameworks */,
			);
			sourceTree = "<group>";
		};
		48BE958520C7AFFA001F2BD9 /* Products */ = {
			isa = PBXGroup;
			children = (
				48BE958420C7AFFA001F2BD9 /* EX2 */,
			);
			name = Products;
			sourceTree = "<group>";
		};
		48BE958620C7AFFA001F2BD9 /* EX2 */ = {
			isa = PBXGroup;
			children = (
				4846E85A20C7BE0C00952EF0 /* glad.c */,
				48BE958720C7AFFA001F2BD9 /* main.cpp */,
				4846E85620C7BD2200952EF0 /* shader.v */,
				4846E85720C7BD4C00952EF0 /* shader.f */,
			);
			path = EX2;
			sourceTree = "<group>";
		};
/* End PBXGroup section */

/* Begin PBXNativeTarget section */
		48BE958320C7AFFA001F2BD9 /* EX2 */ = {
			isa = PBXNativeTarget;
			buildConfigurationList = 48BE958B20C7AFFA001F2BD9 /* Build configuration list for PBXNativeTarget "EX2" */;
			buildPhases = (
				48BE958020C7AFFA001F2BD9 /* Sources */,
				48BE958120C7AFFA001F2BD9 /* Frameworks */,
				48BE958220C7AFFA001F2BD9 /* CopyFiles */,
			);
			buildRules = (
			);
			dependencies = (
			);
			name = EX2;
			productName = EX2;
			productReference = 48BE958420C7AFFA001F2BD9 /* EX2 */;
			productType = "com.apple.product-type.tool";
		};
/* End PBXNativeTarget section */

/* Begin PBXProject section */
		48BE957C20C7AFFA001F2BD9 /* Project object */ = {
			isa = PBXProject;
			attributes = {
				LastUpgradeCheck = 0930;
				ORGANIZATIONNAME = "刘东旭";
				TargetAttributes = {
					48BE958320C7AFFA001F2BD9 = {
						CreatedOnToolsVersion = 9.3;
					};
				};
			};
			buildConfigurationList = 48BE957F20C7AFFA001F2BD9 /* Build configuration list for PBXProject "EX2" */;
			compatibilityVersion = "Xcode 9.3";
			developmentRegion = en;
			hasScannedForEncodings = 0;
			knownRegions = (
				en,
			);
			mainGroup = 48BE957B20C7AFFA001F2BD9;
			productRefGroup = 48BE958520C7AFFA001F2BD9 /* Products */;
			projectDirPath = "";
			projectRoot = "";
			targets = (
				48BE958320C7AFFA001F2BD9 /* EX2 */,
			);
		};
/* End PBXProject section */

/* Begin PBXSourcesBuildPhase section */
		48BE958020C7AFFA001F2BD9 /* Sources */ = {
			isa = PBXSourcesBuildPhase;
			buildActionMask = 2147483647;
			files = (
				48BE958820C7AFFA001F2BD9 /* main.cpp in Sources */,
				4846E85B20C7BE0C00952EF0 /* glad.c in Sources */,
			);
			runOnlyForDeploymentPostprocessing = 0;
		};
/* End PBXSourcesBuildPhase section */

/* Begin XCBuildConfiguration section */
		48BE958920C7AFFA001F2BD9 /* Debug */ = {
			isa = XCBuildConfiguration;
			buildSettings = {
				ALWAYS_SEARCH_USER_PATHS = NO;
				CLANG_ANALYZER_NONNULL = YES;
				CLANG_ANALYZER_NUMBER_OBJECT_CONVERSION = YES_AGGRESSIVE;
				CLANG_CXX_LANGUAGE_STANDARD = "gnu++14";
				CLANG_CXX_LIBRARY = "libc++";
				CLANG_ENABLE_MODULES = YES;
				CLANG_ENABLE_OBJC_ARC = YES;
				CLANG_ENABLE_OBJC_WEAK = YES;
				CLANG_WARN_BLOCK_CAPTURE_AUTORELEASING = YES;
				CLANG_WARN_BOOL_CONVERSION = YES;
				CLANG_WARN_COMMA = YES;
				CLANG_WARN_CONSTANT_CONVERSION = YES;
				CLANG_WARN_DEPRECATED_OBJC_IMPLEMENTATIONS = YES;
				CLANG_WARN_DIRECT_OBJC_ISA_USAGE = YES_ERROR;
				CLANG_WARN_DOCUMENTATION_COMMENTS = YES;
				CLANG_WARN_EMPTY_BODY = YES;
				CLANG_WARN_ENUM_CONVERSION = YES;
				CLANG_WARN_INFINITE_RECURSION = YES;
				CLANG_WARN_INT_CONVERSION = YES;
				CLANG_WARN_NON_LITERAL_NULL_CONVERSION = YES;
				CLANG_WARN_OBJC_IMPLICIT_RETAIN_SELF = YES;
				CLANG_WARN_OBJC_LITERAL_CONVERSION = YES;
				CLANG_WARN_OBJC_ROOT_CLASS = YES_ERROR;
				CLANG_WARN_RANGE_LOOP_ANALYSIS = YES;
				CLANG_WARN_STRICT_PROTOTYPES = YES;
				CLANG_WARN_SUSPICIOUS_MOVE = YES;
				CLANG_WARN_UNGUARDED_AVAILABILITY = YES_AGGRESSIVE;
				CLANG_WARN_UNREACHABLE_CODE = YES;
				CLANG_WARN__DUPLICATE_METHOD_MATCH = YES;
				CODE_SIGN_IDENTITY = "Mac Developer";
				COPY_PHASE_STRIP = NO;
				DEBUG_INFORMATION_FORMAT = dwarf;
				ENABLE_STRICT_OBJC_MSGSEND = YES;
				ENABLE_TESTABILITY = YES;
				GCC_C_LANGUAGE_STANDARD = gnu11;
				GCC_DYNAMIC_NO_PIC = NO;
				GCC_NO_COMMON_BLOCKS = YES;
				GCC_OPTIMIZATION_LEVEL = 0;
				GCC_PREPROCESSOR_DEFINITIONS = (
					"DEBUG=1",
					"$(inherited)",
				);
				GCC_WARN_64_TO_32_BIT_CONVERSION = YES;
				GCC_WARN_ABOUT_RETURN_TYPE = YES_ERROR;
				GCC_WARN_UNDECLARED_SELECTOR = YES;
				GCC_WARN_UNINITIALIZED_AUTOS = YES_AGGRESSIVE;
				GCC_WARN_UNUSED_FUNCTION = YES;
				GCC_WARN_UNUSED_VARIABLE = YES;
				MACOSX_DEPLOYMENT_TARGET = 10.13;
				MTL_ENABLE_DEBUG_INFO = YES;
				ONLY_ACTIVE_ARCH = YES;
				SDKROOT = macosx;
			};
			name = Debug;
		};
		48BE958A20C7AFFA001F2BD9 /* Release */ = {
			isa = XCBuildConfiguration;
			buildSettings = {
				ALWAYS_SEARCH_USER_PATHS = NO;
				CLANG_ANALYZER_NONNULL = YES;
				CLANG_ANALYZER_NUMBER_OBJECT_CONVERSION = YES_AGGRESSIVE;
				CLANG_CXX_LANGUAGE_STANDARD = "gnu++14";
				CLANG_CXX_LIBRARY = "libc++";
				CLANG_ENABLE_MODULES = YES;
				CLANG_ENABLE_OBJC_ARC = YES;
				CLANG_ENABLE_OBJC_WEAK = YES;
				CLANG_WARN_BLOCK_CAPTURE_AUTORELEASING = YES;
				CLANG_WARN_BOOL_CONVERSION = YES;
				CLANG_WARN_COMMA = YES;
				CLANG_WARN_CONSTANT_CONVERSION = YES;
				CLANG_WARN_DEPRECATED_OBJC_IMPLEMENTATIONS = YES;
				CLANG_WARN_DIRECT_OBJC_ISA_USAGE = YES_ERROR;
				CLANG_WARN_DOCUMENTATION_COMMENTS = YES;
				CLANG_WARN_EMPTY_BODY = YES;
				CLANG_WARN_ENUM_CONVERSION = YES;
				CLANG_WARN_INFINITE_RECURSION = YES;
				CLANG_WARN_INT_CONVERSION = YES;
				CLANG_WARN_NON_LITERAL_NULL_CONVERSION = YES;
				CLANG_WARN_OBJC_IMPLICIT_RETAIN_SELF = YES;
				CLANG_WARN_OBJC_LITERAL_CONVERSION = YES;
				CLANG_WARN_OBJC_ROOT_CLASS = YES_ERROR;
				CLANG_WARN_RANGE_LOOP_ANALYSIS = YES;
				CLANG_WARN_STRICT_PROTOTYPES = YES;
				CLANG_WARN_SUSPICIOUS_MOVE = YES;
				CLANG_WARN_UNGUARDED_AVAILABILITY = YES_AGGRESSIVE;
				CLANG_WARN_UNREACHABLE_CODE = YES;
				CLANG_WARN__DUPLICATE_METHOD_MATCH = YES;
				CODE_SIGN_IDENTITY = "Mac Developer";
				COPY_PHASE_STRIP = NO;
				DEBUG_INFORMATION_FORMAT = "dwarf-with-dsym";
				ENABLE_NS_ASSERTIONS = NO;
				ENABLE_STRICT_OBJC_MSGSEND = YES;
				GCC_C_LANGUAGE_STANDARD = gnu11;
				GCC_NO_COMMON_BLOCKS = YES;
				GCC_WARN_64_TO_32_BIT_CONVERSION = YES;
				GCC_WARN_ABOUT_RETURN_TYPE = YES_ERROR;
				GCC_WARN_UNDECLARED_SELECTOR = YES;
				GCC_WARN_UNINITIALIZED_AUTOS = YES_AGGRESSIVE;
				GCC_WARN_UNUSED_FUNCTION = YES;
				GCC_WARN_UNUSED_VARIABLE = YES;
				MACOSX_DEPLOYMENT_TARGET = 10.13;
				MTL_ENABLE_DEBUG_INFO = NO;
				SDKROOT = macosx;
			};
			name = Release;
		};
		48BE958C20C7AFFA001F2BD9 /* Debug */ = {
			isa = XCBuildConfiguration;
			buildSettings = {
				CODE_SIGN_STYLE = Automatic;
				DEVELOPMENT_TEAM = Y9GYWVBJ63;
				"HEADER_SEARCH_PATHS[arch=*]" = (
					"${glad_header}",
					"${glew_header}",
					"${glfw_header}",
				);
				LIBRARY_SEARCH_PATHS = (
					"$(inherited)",
					/usr/local/Cellar/glfw/3.2.1/lib,
					/usr/local/Cellar/glew/2.1.0/lib,
				);
				PRODUCT_NAME = "$(TARGET_NAME)";
			};
			name = Debug;
		};
		48BE958D20C7AFFA001F2BD9 /* Release */ = {
			isa = XCBuildConfiguration;
			buildSettings = {
				CODE_SIGN_STYLE = Automatic;
				DEVELOPMENT_TEAM = Y9GYWVBJ63;
				"HEADER_SEARCH_PATHS[arch=*]" = (
					"${glad_header}",
					"${glew_header}",
					"${glfw_header}",
				);
				LIBRARY_SEARCH_PATHS = (
					"$(inherited)",
					/usr/local/Cellar/glfw/3.2.1/lib,
					/usr/local/Cellar/glew/2.1.0/lib,
				);
				PRODUCT_NAME = "$(TARGET_NAME)";
			};
			name = Release;
		};
/* End XCBuildConfiguration section */

/* Begin XCConfigurationList section */
		48BE957F20C7AFFA001F2BD9 /* Build configuration list for PBXProject "EX2" */ = {
			isa = XCConfigurationList;
			buildConfigurations = (
				48BE958920C7AFFA001F2BD9 /* Debug */,
				48BE958A20C7AFFA001F2BD9 /* Release */,
			);
			defaultConfigurationIsVisible = 0;
			defaultConfigurationName = Release;
		};
		48BE958B20C7AFFA001F2BD9 /* Build configuration list for PBXNativeTarget "EX2" */ = {
			isa = XCConfigurationList;
			buildConfigurations = (
				48BE958C20C7AFFA001F2BD9 /* Debug */,
				48BE958D20C7AFFA001F2BD9 /* Release */,
			);
			defaultConfigurationIsVisible = 0;
			defaultConfigurationName = Release;
		};
/* End XCConfigurationList section */
	};
	rootObject = 48BE957C20C7AFFA001F2BD9 /* Project object */;
}
